
Microsoft Visual Studio Solution File, Format Version 12.00
# Visual Studio Version 17
VisualStudioVersion = 17.5.33530.505
MinimumVisualStudioVersion = 10.0.40219.1
Project("{FAE04EC0-301F-11D3-BF4B-00C04F79EFBC}") = "Prouduct_management", "Prouduct_management\Prouduct_management.csproj", "{CE777E0D-3946-46B7-8534-3C8EF8417D4B}"
EndProject
Global
	GlobalSection(SolutionConfigurationPlatforms) = preSolution
		Debug|Any CPU = Debug|Any CPU
		Release|Any CPU = Release|Any CPU
	EndGlobalSection
	GlobalSection(ProjectConfigurationPlatforms) = postSolution
		{CE777E0D-3946-46B7-8534-3C8EF8417D4B}.Debug|Any CPU.ActiveCfg = Debug|Any CPU
		{CE777E0D-3946-46B7-8534-3C8EF8417D4B}.Debug|Any CPU.Build.0 = Debug|Any CPU
		{CE777E0D-3946-46B7-8534-3C8EF8417D4B}.Release|Any CPU.ActiveCfg = Release|Any CPU
		{CE777E0D-3946-46B7-8534-3C8EF8417D4B}.Release|Any CPU.Build.0 = Release|Any CPU
	EndGlobalSection
	GlobalSection(SolutionProperties) = preSolution
		HideSolutionNode = FALSE
	EndGlobalSection
	GlobalSection(ExtensibilityGlobals) = postSolution
		SolutionGuid = {60CA9FAC-5F3B-420C-B447-6A4F7E02951A}
	EndGlobalSection
EndGlobal
